
Microsoft Visual Studio Solution File, Format Version 12.00
# Visual Studio Version 17
VisualStudioVersion = 17.14.36705.20 d17.14
MinimumVisualStudioVersion = 10.0.40219.1
Project("{FAE04EC0-301F-11D3-BF4B-00C04F79EFBC}") = "LearningWebApp", "LearningWebApp.csproj", "{187C6736-4AA6-493A-8E26-3217B3598676}"
EndProject
Global
	GlobalSection(SolutionConfigurationPlatforms) = preSolution
		Debug|Any CPU = Debug|Any CPU
		Release|Any CPU = Release|Any CPU
	EndGlobalSection
	GlobalSection(ProjectConfigurationPlatforms) = postSolution
		{187C6736-4AA6-493A-8E26-3217B3598676}.Debug|Any CPU.ActiveCfg = Debug|Any CPU
		{187C6736-4AA6-493A-8E26-3217B3598676}.Debug|Any CPU.Build.0 = Debug|Any CPU
		{187C6736-4AA6-493A-8E26-3217B3598676}.Release|Any CPU.ActiveCfg = Release|Any CPU
		{187C6736-4AA6-493A-8E26-3217B3598676}.Release|Any CPU.Build.0 = Release|Any CPU
	EndGlobalSection
	GlobalSection(SolutionProperties) = preSolution
		HideSolutionNode = FALSE
	EndGlobalSection
	GlobalSection(ExtensibilityGlobals) = postSolution
		SolutionGuid = {594800C5-6F24-46AD-A1C4-F1CF2175660B}
	EndGlobalSection
EndGlobal
